
Microsoft Visual Studio Solution File, Format Version 12.00
# Visual Studio Version 17
VisualStudioVersion = 17.3.32929.385
MinimumVisualStudioVersion = 10.0.40219.1
Project("{9A19103F-16F7-4668-BE54-9A1E7A4F7556}") = "MadmounMobileApp", "MadmounMobileApp\MadmounMobileApp.csproj", "{9B8BF041-9087-424F-93A6-449416E091E7}"
EndProject
Project("{9A19103F-16F7-4668-BE54-9A1E7A4F7556}") = "Domains", "Domains\Domains.csproj", "{89A65F4C-11A2-4DA3-81D6-9404CD78CC92}"
EndProject
Project("{9A19103F-16F7-4668-BE54-9A1E7A4F7556}") = "BL", "BL\BL.csproj", "{3A1FC4A5-8206-4A76-A10C-F9C754AF9131}"
EndProject
Project("{FAE04EC0-301F-11D3-BF4B-00C04F79EFBC}") = "EmailServices", "EmailServices\EmailServices.csproj", "{5023EDF7-C31D-41E7-97DC-14D310AEF0DF}"
EndProject
Global
	GlobalSection(SolutionConfigurationPlatforms) = preSolution
		Debug|Any CPU = Debug|Any CPU
		Release|Any CPU = Release|Any CPU
	EndGlobalSection
	GlobalSection(ProjectConfigurationPlatforms) = postSolution
		{9B8BF041-9087-424F-93A6-449416E091E7}.Debug|Any CPU.ActiveCfg = Debug|Any CPU
		{9B8BF041-9087-424F-93A6-449416E091E7}.Debug|Any CPU.Build.0 = Debug|Any CPU
		{9B8BF041-9087-424F-93A6-449416E091E7}.Release|Any CPU.ActiveCfg = Release|Any CPU
		{9B8BF041-9087-424F-93A6-449416E091E7}.Release|Any CPU.Build.0 = Release|Any CPU
		{89A65F4C-11A2-4DA3-81D6-9404CD78CC92}.Debug|Any CPU.ActiveCfg = Debug|Any CPU
		{89A65F4C-11A2-4DA3-81D6-9404CD78CC92}.Debug|Any CPU.Build.0 = Debug|Any CPU
		{89A65F4C-11A2-4DA3-81D6-9404CD78CC92}.Release|Any CPU.ActiveCfg = Release|Any CPU
		{89A65F4C-11A2-4DA3-81D6-9404CD78CC92}.Release|Any CPU.Build.0 = Release|Any CPU
		{3A1FC4A5-8206-4A76-A10C-F9C754AF9131}.Debug|Any CPU.ActiveCfg = Debug|Any CPU
		{3A1FC4A5-8206-4A76-A10C-F9C754AF9131}.Debug|Any CPU.Build.0 = Debug|Any CPU
		{3A1FC4A5-8206-4A76-A10C-F9C754AF9131}.Release|Any CPU.ActiveCfg = Release|Any CPU
		{3A1FC4A5-8206-4A76-A10C-F9C754AF9131}.Release|Any CPU.Build.0 = Release|Any CPU
		{5023EDF7-C31D-41E7-97DC-14D310AEF0DF}.Debug|Any CPU.ActiveCfg = Debug|Any CPU
		{5023EDF7-C31D-41E7-97DC-14D310AEF0DF}.Debug|Any CPU.Build.0 = Debug|Any CPU
		{5023EDF7-C31D-41E7-97DC-14D310AEF0DF}.Release|Any CPU.ActiveCfg = Release|Any CPU
		{5023EDF7-C31D-41E7-97DC-14D310AEF0DF}.Release|Any CPU.Build.0 = Release|Any CPU
	EndGlobalSection
	GlobalSection(SolutionProperties) = preSolution
		HideSolutionNode = FALSE
	EndGlobalSection
	GlobalSection(ExtensibilityGlobals) = postSolution
		SolutionGuid = {49AD579E-E8F5-4F31-A4ED-7AE9900B7178}
	EndGlobalSection
EndGlobal
